{
    "_readme": [
        "This file locks the dependencies of your project to a known state",
        "Read more about it at https://getcomposer.org/doc/01-basic-usage.md#composer-lock-the-lock-file",
        "This file is @generated automatically"
    ],
    "content-hash": "3dd248b9e41d0e1717e8c13a59dba587",
    "packages": [
        {
            "name": "lisachenko/protocol-fcgi",
            "version": "1.1.1",
            "source": {
                "type": "git",
                "url": "https://github.com/lisachenko/protocol-fcgi.git",
                "reference": "09451e98bdc2906592eb6ca244ca76302057d854"
            },
            "dist": {
                "type": "zip",
                "url": "https://api.github.com/repos/lisachenko/protocol-fcgi/zipball/09451e98bdc2906592eb6ca244ca76302057d854",
                "reference": "09451e98bdc2906592eb6ca244ca76302057d854",
                "shasum": ""
            },
            "require": {
                "php": ">=5.5.0"
            },
            "require-dev": {
                "phpunit/phpunit": "~4.0"
            },
            "type": "library",
            "extra": {
                "branch-alias": {
                    "dev-master": "1.x-dev"
                }
            },
            "autoload": {
                "psr-4": {
                    "Protocol\\": "src/"
                }
            },
            "notification-url": "https://packagist.org/downloads/",
            "license": [
                "MIT"
            ],
            "authors": [
                {
                    "name": "Alexander Lisachenko",
                    "email": "lisachenko.it@gmail.com"
                }
            ],
            "description": "Implementation of FCGI Protocol in PHP",
            "time": "2015-12-05T18:17:07+00:00"
        }
    ],
    "packages-dev": [],
    "aliases": [],
    "minimum-stability": "stable",
    "stability-flags": [],
    "prefer-stable": false,
    "prefer-lowest": false,
    "platform": [],
    "platform-dev": []
}
